
Microsoft Visual Studio Solution File, Format Version 12.00
# Visual Studio Version 17
VisualStudioVersion = 17.7.34202.233
MinimumVisualStudioVersion = 10.0.40219.1
Project("{FAE04EC0-301F-11D3-BF4B-00C04F79EFBC}") = "LoginLogoutEF", "LoginLogoutEF\LoginLogoutEF.csproj", "{3A9A2626-107E-4E7F-9AA4-55741CA58FB1}"
EndProject
Global
	GlobalSection(SolutionConfigurationPlatforms) = preSolution
		Debug|Any CPU = Debug|Any CPU
		Release|Any CPU = Release|Any CPU
	EndGlobalSection
	GlobalSection(ProjectConfigurationPlatforms) = postSolution
		{3A9A2626-107E-4E7F-9AA4-55741CA58FB1}.Debug|Any CPU.ActiveCfg = Debug|Any CPU
		{3A9A2626-107E-4E7F-9AA4-55741CA58FB1}.Debug|Any CPU.Build.0 = Debug|Any CPU
		{3A9A2626-107E-4E7F-9AA4-55741CA58FB1}.Release|Any CPU.ActiveCfg = Release|Any CPU
		{3A9A2626-107E-4E7F-9AA4-55741CA58FB1}.Release|Any CPU.Build.0 = Release|Any CPU
	EndGlobalSection
	GlobalSection(SolutionProperties) = preSolution
		HideSolutionNode = FALSE
	EndGlobalSection
	GlobalSection(ExtensibilityGlobals) = postSolution
		SolutionGuid = {AEE55343-928D-4663-A2F1-894F94280872}
	EndGlobalSection
EndGlobal
